
Microsoft Visual Studio Solution File, Format Version 12.00
# Visual Studio Version 17
VisualStudioVersion = 17.4.33403.182
MinimumVisualStudioVersion = 10.0.40219.1
Project("{FAE04EC0-301F-11D3-BF4B-00C04F79EFBC}") = "inlämning3", "inlämning3\inlämning3.csproj", "{589BB373-9A56-42F9-9551-19CD0CC8E694}"
EndProject
Global
	GlobalSection(SolutionConfigurationPlatforms) = preSolution
		Debug|Any CPU = Debug|Any CPU
		Release|Any CPU = Release|Any CPU
	EndGlobalSection
	GlobalSection(ProjectConfigurationPlatforms) = postSolution
		{589BB373-9A56-42F9-9551-19CD0CC8E694}.Debug|Any CPU.ActiveCfg = Debug|Any CPU
		{589BB373-9A56-42F9-9551-19CD0CC8E694}.Debug|Any CPU.Build.0 = Debug|Any CPU
		{589BB373-9A56-42F9-9551-19CD0CC8E694}.Release|Any CPU.ActiveCfg = Release|Any CPU
		{589BB373-9A56-42F9-9551-19CD0CC8E694}.Release|Any CPU.Build.0 = Release|Any CPU
	EndGlobalSection
	GlobalSection(SolutionProperties) = preSolution
		HideSolutionNode = FALSE
	EndGlobalSection
	GlobalSection(ExtensibilityGlobals) = postSolution
		SolutionGuid = {C5E1A0B8-882D-40CF-B595-6EFF33E4FC17}
	EndGlobalSection
EndGlobal
